PODS:
  - Flutter (1.0.0)
  - midi_io (0.0.1):
    - Flutter

DEPENDENCIES:
  - Flutter (from `Flutter`)
  - midi_io (from `.symlinks/plugins/midi_io/ios`)

EXTERNAL SOURCES:
  Flutter:
    :path: Flutter
  midi_io:
    :path: ".symlinks/plugins/midi_io/ios"

SPEC CHECKSUMS:
  Flutter: 434fef37c0980e73bb6479ef766c45957d4b510c
  midi_io: 2f983ef32edd41a80b465f696b3db5fa4503b4eb

PODFILE CHECKSUM: aafe91acc616949ddb318b77800a7f51bffa2a4c

COCOAPODS: 1.10.1
