PODS:
  - FlutterMacOS (1.0.0)
  - midi (0.0.2):
    - FlutterMacOS

DEPENDENCIES:
  - FlutterMacOS (from `Flutter/ephemeral/.symlinks/flutter/darwin-x64`)
  - midi (from `Flutter/ephemeral/.symlinks/plugins/midi/macos`)

EXTERNAL SOURCES:
  FlutterMacOS:
    :path: Flutter/ephemeral/.symlinks/flutter/darwin-x64
  midi:
    :path: Flutter/ephemeral/.symlinks/plugins/midi/macos

SPEC CHECKSUMS:
  FlutterMacOS: 15bea8a44d2fa024068daa0140371c020b4b6ff9
  midi: 8390f8bca79355616f2f57342300048add160044

PODFILE CHECKSUM: d8ba9b3e9e93c62c74a660b46c6fcb09f03991a7

COCOAPODS: 1.9.3
